
Microsoft Visual Studio Solution File, Format Version 12.00
# Visual Studio Version 16
VisualStudioVersion = 16.0.29911.84
MinimumVisualStudioVersion = 10.0.40219.1
Project("{FAE04EC0-301F-11D3-BF4B-00C04F79EFBC}") = "ControlEscolar", "CONTROLESCOLAR\ControlEscolar.csproj", "{FC508D83-6669-4E46-8EFD-D994E0DC6748}"
EndProject
Project("{9A19103F-16F7-4668-BE54-9A1E7A4F7556}") = "DataLayer", "CONTROLESCOLAR\Dt\DataLayer.csproj", "{0912831B-BC50-41B0-BAC4-AD9A4585C3AD}"
EndProject
Global
	GlobalSection(SolutionConfigurationPlatforms) = preSolution
		Debug|Any CPU = Debug|Any CPU
		Release|Any CPU = Release|Any CPU
	EndGlobalSection
	GlobalSection(ProjectConfigurationPlatforms) = postSolution
		{FC508D83-6669-4E46-8EFD-D994E0DC6748}.Debug|Any CPU.ActiveCfg = Debug|Any CPU
		{FC508D83-6669-4E46-8EFD-D994E0DC6748}.Debug|Any CPU.Build.0 = Debug|Any CPU
		{FC508D83-6669-4E46-8EFD-D994E0DC6748}.Release|Any CPU.ActiveCfg = Release|Any CPU
		{FC508D83-6669-4E46-8EFD-D994E0DC6748}.Release|Any CPU.Build.0 = Release|Any CPU
		{0912831B-BC50-41B0-BAC4-AD9A4585C3AD}.Debug|Any CPU.ActiveCfg = Debug|Any CPU
		{0912831B-BC50-41B0-BAC4-AD9A4585C3AD}.Debug|Any CPU.Build.0 = Debug|Any CPU
		{0912831B-BC50-41B0-BAC4-AD9A4585C3AD}.Release|Any CPU.ActiveCfg = Release|Any CPU
		{0912831B-BC50-41B0-BAC4-AD9A4585C3AD}.Release|Any CPU.Build.0 = Release|Any CPU
	EndGlobalSection
	GlobalSection(SolutionProperties) = preSolution
		HideSolutionNode = FALSE
	EndGlobalSection
	GlobalSection(ExtensibilityGlobals) = postSolution
		SolutionGuid = {38DFB73F-B6A4-47A6-A206-5E1D82D63D70}
	EndGlobalSection
EndGlobal
